
Microsoft Visual Studio Solution File, Format Version 12.00
# Visual Studio Version 17
VisualStudioVersion = 17.14.36518.9 d17.14
MinimumVisualStudioVersion = 10.0.40219.1
Project("{FAE04EC0-301F-11D3-BF4B-00C04F79EFBC}") = "FlappyBird", "FlappyBird\FlappyBird.csproj", "{09747B45-9255-4DDF-82E9-D89DDBE6676D}"
EndProject
Global
	GlobalSection(SolutionConfigurationPlatforms) = preSolution
		Debug|Any CPU = Debug|Any CPU
		Release|Any CPU = Release|Any CPU
	EndGlobalSection
	GlobalSection(ProjectConfigurationPlatforms) = postSolution
		{09747B45-9255-4DDF-82E9-D89DDBE6676D}.Debug|Any CPU.ActiveCfg = Debug|Any CPU
		{09747B45-9255-4DDF-82E9-D89DDBE6676D}.Debug|Any CPU.Build.0 = Debug|Any CPU
		{09747B45-9255-4DDF-82E9-D89DDBE6676D}.Release|Any CPU.ActiveCfg = Release|Any CPU
		{09747B45-9255-4DDF-82E9-D89DDBE6676D}.Release|Any CPU.Build.0 = Release|Any CPU
	EndGlobalSection
	GlobalSection(SolutionProperties) = preSolution
		HideSolutionNode = FALSE
	EndGlobalSection
	GlobalSection(ExtensibilityGlobals) = postSolution
		SolutionGuid = {B7524473-B974-4903-B068-3B0E2F2EB76E}
	EndGlobalSection
EndGlobal
